dependencies:
- name: infinispan
  repository: file://../infinispan
  version: 0.5.0
- name: gossip-router
  repository: file://../gossip-router
  version: 0.1.0
- name: fibonacci-worker
  repository: file://../fibonacci-worker
  version: 0.1.0
- name: grpc-service
  repository: file://../grpc-service
  version: 0.1.0
- name: graphql-service
  repository: file://../graphql-service
  version: 0.1.0
- name: rest-service
  repository: file://../rest-service
  version: 0.1.0
- name: fibonacci-bot
  repository: file://../fibonacci-bot
  version: 0.1.0
digest: sha256:ea7016fad105eae8c0e411f21061073ef8cd955d8fb0bdbb01ddc569142046ab
generated: "2025-02-18T17:10:36.849623013-06:00"
